{
  "name": "raycast-extensions-nulab",
  "version": "0.0.0",
  "lockfileVersion": 3,
  "requires": true,
  "packages": {
    "": {
      "name": "raycast-extensions-nulab",
      "version": "0.0.0",
      "devDependencies": {
        "@biomejs/biome": "^2.2.7",
        "lefthook": "^2.0.0",
        "sort-package-json": "^3.4.0"
      }
    },
    "node_modules/@biomejs/biome": {
      "version": "2.2.7",
      "resolved": "https://registry.npmjs.org/@biomejs/biome/-/biome-2.2.7.tgz",
      "integrity": "sha512-1a8j0UP1vXVUf3UzMZEJ/zS2VgAG6wU6Cuh/I764sUGI+MCnJs/9WaojHYBDCxCMLTgU60/WqnYof85emXmSBA==",
      "dev": true,
      "license": "MIT OR Apache-2.0",
      "bin": {
        "biome": "bin/biome"
      },
      "engines": {
        "node": ">=14.21.3"
      },
      "funding": {
        "type": "opencollective",
        "url": "https://opencollective.com/biome"
      },
      "optionalDependencies": {
        "@biomejs/cli-darwin-arm64": "2.2.7",
        "@biomejs/cli-darwin-x64": "2.2.7",
        "@biomejs/cli-linux-arm64": "2.2.7",
        "@biomejs/cli-linux-arm64-musl": "2.2.7",
        "@biomejs/cli-linux-x64": "2.2.7",
        "@biomejs/cli-linux-x64-musl": "2.2.7",
        "@biomejs/cli-win32-arm64": "2.2.7",
        "@biomejs/cli-win32-x64": "2.2.7"
      }
    },
    "node_modules/@biomejs/cli-darwin-arm64": {
      "version": "2.2.7",
      "resolved": "https://registry.npmjs.org/@biomejs/cli-darwin-arm64/-/cli-darwin-arm64-2.2.7.tgz",
      "integrity": "sha512-xBUUsebnO2/Qj1v7eZmKUy2ZcFkZ4/jLUkxN02Qup1RPoRaiW9AKXHrqS3L7iX6PzofHY2xuZ+Pb9kAcpoe0qA==",
      "cpu": [
        "arm64"
      ],
      "dev": true,
      "license": "MIT OR Apache-2.0",
      "optional": true,
      "os": [
        "darwin"
      ],
      "engines": {
        "node": ">=14.21.3"
      }
    },
    "node_modules/@biomejs/cli-darwin-x64": {
      "version": "2.2.7",
      "resolved": "https://registry.npmjs.org/@biomejs/cli-darwin-x64/-/cli-darwin-x64-2.2.7.tgz",
      "integrity": "sha512-vsY4NhmxqgfLJufr9XUnC+yGUPJiXAc1mz6FcjaAmuIuLwfghN4uQO7hnW2AneGyoi2mNe9Jbvf6Qtq4AjzrFg==",
      "cpu": [
        "x64"
      ],
      "dev": true,
      "license": "MIT OR Apache-2.0",
      "optional": true,
      "os": [
        "darwin"
      ],
      "engines": {
        "node": ">=14.21.3"
      }
    },
    "node_modules/@biomejs/cli-linux-arm64": {
      "version": "2.2.7",
      "resolved": "https://registry.npmjs.org/@biomejs/cli-linux-arm64/-/cli-linux-arm64-2.2.7.tgz",
      "integrity": "sha512-nUdco104rjV9dULi1VssQ5R/kX2jE/Z2sDjyqS+siV9sTQda0DwmEUixFNRCWvZJRRiZUWhgiDFJ4n7RowO8Mg==",
      "cpu": [
        "arm64"
      ],
      "dev": true,
      "license": "MIT OR Apache-2.0",
      "optional": true,
      "os": [
        "linux"
      ],
      "engines": {
        "node": ">=14.21.3"
      }
    },
    "node_modules/@biomejs/cli-linux-arm64-musl": {
      "version": "2.2.7",
      "resolved": "https://registry.npmjs.org/@biomejs/cli-linux-arm64-musl/-/cli-linux-arm64-musl-2.2.7.tgz",
      "integrity": "sha512-FrTwvKO/7t5HbVTvhlMOTOVQLAcR7r4O4iFQhEpZXUtBfosHqrX/JJlX7daPawoe14MDcCu9CDg0zLVpTuDvuQ==",
      "cpu": [
        "arm64"
      ],
      "dev": true,
      "license": "MIT OR Apache-2.0",
      "optional": true,
      "os": [
        "linux"
      ],
      "engines": {
        "node": ">=14.21.3"
      }
    },
    "node_modules/@biomejs/cli-linux-x64": {
      "version": "2.2.7",
      "resolved": "https://registry.npmjs.org/@biomejs/cli-linux-x64/-/cli-linux-x64-2.2.7.tgz",
      "integrity": "sha512-tPTcGAIEOOZrj2tQ7fdraWlaxNKApBw6l4In8wQQV1IyxnAexqi0hykHzKEX8hKKctf5gxGBfNCzyIvqpj4CFQ==",
      "cpu": [
        "x64"
      ],
      "dev": true,
      "license": "MIT OR Apache-2.0",
      "optional": true,
      "os": [
        "linux"
      ],
      "engines": {
        "node": ">=14.21.3"
      }
    },
    "node_modules/@biomejs/cli-linux-x64-musl": {
      "version": "2.2.7",
      "resolved": "https://registry.npmjs.org/@biomejs/cli-linux-x64-musl/-/cli-linux-x64-musl-2.2.7.tgz",
      "integrity": "sha512-MnsysF5s/iLC5wnYvuMseOy+m8Pd4bWG1uwlVyy2AUbfjAVUgtbYbboc5wMXljFrDY7e6rLjLTR4S2xqDpGlQg==",
      "cpu": [
        "x64"
      ],
      "dev": true,
      "license": "MIT OR Apache-2.0",
      "optional": true,
      "os": [
        "linux"
      ],
      "engines": {
        "node": ">=14.21.3"
      }
    },
    "node_modules/@biomejs/cli-win32-arm64": {
      "version": "2.2.7",
      "resolved": "https://registry.npmjs.org/@biomejs/cli-win32-arm64/-/cli-win32-arm64-2.2.7.tgz",
      "integrity": "sha512-h5D1jhwA2b7cFXerYiJfXHSzzAMFFoEDL5Mc2BgiaEw0iaSgSso/3Nc6FbOR55aTQISql+IpB4PS7JoV26Gdbw==",
      "cpu": [
        "arm64"
      ],
      "dev": true,
      "license": "MIT OR Apache-2.0",
      "optional": true,
      "os": [
        "win32"
      ],
      "engines": {
        "node": ">=14.21.3"
      }
    },
    "node_modules/@biomejs/cli-win32-x64": {
      "version": "2.2.7",
      "resolved": "https://registry.npmjs.org/@biomejs/cli-win32-x64/-/cli-win32-x64-2.2.7.tgz",
      "integrity": "sha512-URqAJi0kONyBKG4V9NVafHLDtm6IHmF4qPYi/b6x7MD6jxpWeJiTCO6R5+xDlWckX2T/OGv6Yq3nkz6s0M8Ykw==",
      "cpu": [
        "x64"
      ],
      "dev": true,
      "license": "MIT OR Apache-2.0",
      "optional": true,
      "os": [
        "win32"
      ],
      "engines": {
        "node": ">=14.21.3"
      }
    },
    "node_modules/detect-indent": {
      "version": "7.0.2",
      "resolved": "https://registry.npmjs.org/detect-indent/-/detect-indent-7.0.2.tgz",
      "integrity": "sha512-y+8xyqdGLL+6sh0tVeHcfP/QDd8gUgbasolJJpY7NgeQGSZ739bDtSiaiDgtoicy+mtYB81dKLxO9xRhCyIB3A==",
      "dev": true,
      "license": "MIT",
      "engines": {
        "node": ">=12.20"
      },
      "funding": {
        "url": "https://github.com/sponsors/sindresorhus"
      }
    },
    "node_modules/detect-newline": {
      "version": "4.0.1",
      "resolved": "https://registry.npmjs.org/detect-newline/-/detect-newline-4.0.1.tgz",
      "integrity": "sha512-qE3Veg1YXzGHQhlA6jzebZN2qVf6NX+A7m7qlhCGG30dJixrAQhYOsJjsnBjJkCSmuOPpCk30145fr8FV0bzog==",
      "dev": true,
      "license": "MIT",
      "engines": {
        "node": "^12.20.0 || ^14.13.1 || >=16.0.0"
      },
      "funding": {
        "url": "https://github.com/sponsors/sindresorhus"
      }
    },
    "node_modules/git-hooks-list": {
      "version": "4.1.1",
      "resolved": "https://registry.npmjs.org/git-hooks-list/-/git-hooks-list-4.1.1.tgz",
      "integrity": "sha512-cmP497iLq54AZnv4YRAEMnEyQ1eIn4tGKbmswqwmFV4GBnAqE8NLtWxxdXa++AalfgL5EBH4IxTPyquEuGY/jA==",
      "dev": true,
      "license": "MIT",
      "funding": {
        "url": "https://github.com/fisker/git-hooks-list?sponsor=1"
      }
    },
    "node_modules/lefthook": {
      "version": "2.0.0",
      "resolved": "https://registry.npmjs.org/lefthook/-/lefthook-2.0.0.tgz",
      "integrity": "sha512-iR7cwnlojpRW/ixaE9d8lGSp+Twv2Sbg/1rlWX8WL/J1sn9xWcII8ddeBaY+6n6bWVPYBQfxc5uhd77efGzUfA==",
      "dev": true,
      "hasInstallScript": true,
      "license": "MIT",
      "bin": {
        "lefthook": "bin/index.js"
      },
      "optionalDependencies": {
        "lefthook-darwin-arm64": "2.0.0",
        "lefthook-darwin-x64": "2.0.0",
        "lefthook-freebsd-arm64": "2.0.0",
        "lefthook-freebsd-x64": "2.0.0",
        "lefthook-linux-arm64": "2.0.0",
        "lefthook-linux-x64": "2.0.0",
        "lefthook-openbsd-arm64": "2.0.0",
        "lefthook-openbsd-x64": "2.0.0",
        "lefthook-windows-arm64": "2.0.0",
        "lefthook-windows-x64": "2.0.0"
      }
    },
    "node_modules/lefthook-darwin-arm64": {
      "version": "2.0.0",
      "resolved": "https://registry.npmjs.org/lefthook-darwin-arm64/-/lefthook-darwin-arm64-2.0.0.tgz",
      "integrity": "sha512-0p614LKJA1XZjw1m8WA0emK5kDDHwpiVzNWQBwM/kyY9dxDOV1ixRqm36J0fpshaoSFcwucma5xA3HTK1A23Dg==",
      "cpu": [
        "arm64"
      ],
      "dev": true,
      "license": "MIT",
      "optional": true,
      "os": [
        "darwin"
      ]
    },
    "node_modules/lefthook-darwin-x64": {
      "version": "2.0.0",
      "resolved": "https://registry.npmjs.org/lefthook-darwin-x64/-/lefthook-darwin-x64-2.0.0.tgz",
      "integrity": "sha512-IcixMsdUijl/NyKHapqA/MtNrrtm/WjhezikWSzCJc1dPy+aE8PYeZoBzNFIJJgB6zavO+sUxam10Zx/70AUHw==",
      "cpu": [
        "x64"
      ],
      "dev": true,
      "license": "MIT",
      "optional": true,
      "os": [
        "darwin"
      ]
    },
    "node_modules/lefthook-freebsd-arm64": {
      "version": "2.0.0",
      "resolved": "https://registry.npmjs.org/lefthook-freebsd-arm64/-/lefthook-freebsd-arm64-2.0.0.tgz",
      "integrity": "sha512-APWEKechR2Gp5/rcf7QLkVqswShesnBZrMGmBnFh/nAtvWkkPVdBEc0VDFlU+ViUqHFepuQOSZD/G68F6NVStg==",
      "cpu": [
        "arm64"
      ],
      "dev": true,
      "license": "MIT",
      "optional": true,
      "os": [
        "freebsd"
      ]
    },
    "node_modules/lefthook-freebsd-x64": {
      "version": "2.0.0",
      "resolved": "https://registry.npmjs.org/lefthook-freebsd-x64/-/lefthook-freebsd-x64-2.0.0.tgz",
      "integrity": "sha512-J7F/zKBgx5gJm2/EgKxqckzJRPaIHGZnKUY2h9MeKr4LBMk5kt+hwH9OeokGvGvPzLE4rEdUoFhJnmceyY4ZsA==",
      "cpu": [
        "x64"
      ],
      "dev": true,
      "license": "MIT",
      "optional": true,
      "os": [
        "freebsd"
      ]
    },
    "node_modules/lefthook-linux-arm64": {
      "version": "2.0.0",
      "resolved": "https://registry.npmjs.org/lefthook-linux-arm64/-/lefthook-linux-arm64-2.0.0.tgz",
      "integrity": "sha512-Olilio7szMSFkfYFf7vW+JltTOpq4ZFgvqQ+nKv4NKrKH55Ax+JmK69j/VvJ/8vgks55mMQmfCuukbt2PjeG3Q==",
      "cpu": [
        "arm64"
      ],
      "dev": true,
      "license": "MIT",
      "optional": true,
      "os": [
        "linux"
      ]
    },
    "node_modules/lefthook-linux-x64": {
      "version": "2.0.0",
      "resolved": "https://registry.npmjs.org/lefthook-linux-x64/-/lefthook-linux-x64-2.0.0.tgz",
      "integrity": "sha512-QOMRJ1paWjjTPPrGy8gf+8hmtXa3m63rOUeJUQo3N1xUL94NkKtqOCKz1qSmMuYW00clTGM27HdujNE+CSy5Iw==",
      "cpu": [
        "x64"
      ],
      "dev": true,
      "license": "MIT",
      "optional": true,
      "os": [
        "linux"
      ]
    },
    "node_modules/lefthook-openbsd-arm64": {
      "version": "2.0.0",
      "resolved": "https://registry.npmjs.org/lefthook-openbsd-arm64/-/lefthook-openbsd-arm64-2.0.0.tgz",
      "integrity": "sha512-o99K0OuYgb4SfsqQQUwuxiAfgHhAnA/9eBDFVdUhGO69y7HenyXwaE52iaRiP64KH8TKMGJe+hiztmBrwOM5nA==",
      "cpu": [
        "arm64"
      ],
      "dev": true,
      "license": "MIT",
      "optional": true,
      "os": [
        "openbsd"
      ]
    },
    "node_modules/lefthook-openbsd-x64": {
      "version": "2.0.0",
      "resolved": "https://registry.npmjs.org/lefthook-openbsd-x64/-/lefthook-openbsd-x64-2.0.0.tgz",
      "integrity": "sha512-hKFieYnE1V+EWgh5eBo/5Aj+TaYOal3lJ39OO/c61MZVbD6iOaQpZVAaQWmiVUo8p1bOK+0OjeeYfEF1OJ5IAg==",
      "cpu": [
        "x64"
      ],
      "dev": true,
      "license": "MIT",
      "optional": true,
      "os": [
        "openbsd"
      ]
    },
    "node_modules/lefthook-windows-arm64": {
      "version": "2.0.0",
      "resolved": "https://registry.npmjs.org/lefthook-windows-arm64/-/lefthook-windows-arm64-2.0.0.tgz",
      "integrity": "sha512-Xzyr83kFVzjbRNzDMmlU1z5wtPXKWriPrRf3vwoVdsvHi/yvxNy9+ZH1LF0wXnH5agTgMMag/37XA+hZ/5cfmA==",
      "cpu": [
        "arm64"
      ],
      "dev": true,
      "license": "MIT",
      "optional": true,
      "os": [
        "win32"
      ]
    },
    "node_modules/lefthook-windows-x64": {
      "version": "2.0.0",
      "resolved": "https://registry.npmjs.org/lefthook-windows-x64/-/lefthook-windows-x64-2.0.0.tgz",
      "integrity": "sha512-r8p2nMht/gAgZHqNdysUAyealFOyozbI1W+fU/L4thFdZzWGVesP+Vd0hvvS1MDwTxbGkqP7vCvCurll64vggg==",
      "cpu": [
        "x64"
      ],
      "dev": true,
      "license": "MIT",
      "optional": true,
      "os": [
        "win32"
      ]
    },
    "node_modules/semver": {
      "version": "7.7.3",
      "resolved": "https://registry.npmjs.org/semver/-/semver-7.7.3.tgz",
      "integrity": "sha512-SdsKMrI9TdgjdweUSR9MweHA4EJ8YxHn8DFaDisvhVlUOe4BF1tLD7GAj0lIqWVl+dPb/rExr0Btby5loQm20Q==",
      "dev": true,
      "license": "ISC",
      "bin": {
        "semver": "bin/semver.js"
      },
      "engines": {
        "node": ">=10"
      }
    },
    "node_modules/sort-object-keys": {
      "version": "1.1.3",
      "resolved": "https://registry.npmjs.org/sort-object-keys/-/sort-object-keys-1.1.3.tgz",
      "integrity": "sha512-855pvK+VkU7PaKYPc+Jjnmt4EzejQHyhhF33q31qG8x7maDzkeFhAAThdCYay11CISO+qAMwjOBP+fPZe0IPyg==",
      "dev": true,
      "license": "MIT"
    },
    "node_modules/sort-package-json": {
      "version": "3.4.0",
      "resolved": "https://registry.npmjs.org/sort-package-json/-/sort-package-json-3.4.0.tgz",
      "integrity": "sha512-97oFRRMM2/Js4oEA9LJhjyMlde+2ewpZQf53pgue27UkbEXfHJnDzHlUxQ/DWUkzqmp7DFwJp8D+wi/TYeQhpA==",
      "dev": true,
      "license": "MIT",
      "dependencies": {
        "detect-indent": "^7.0.1",
        "detect-newline": "^4.0.1",
        "git-hooks-list": "^4.0.0",
        "is-plain-obj": "^4.1.0",
        "semver": "^7.7.1",
        "sort-object-keys": "^1.1.3",
        "tinyglobby": "^0.2.12"
      },
      "bin": {
        "sort-package-json": "cli.js"
      },
      "engines": {
        "node": ">=20"
      }
    },
    "node_modules/sort-package-json/node_modules/is-plain-obj": {
      "version": "4.1.0",
      "resolved": "https://registry.npmjs.org/is-plain-obj/-/is-plain-obj-4.1.0.tgz",
      "integrity": "sha512-+Pgi+vMuUNkJyExiMBt5IlFoMyKnr5zhJ4Uspz58WOhBF5QoIZkFyNHIbBAtHwzVAgk5RtndVNsDRN61/mmDqg==",
      "dev": true,
      "license": "MIT",
      "engines": {
        "node": ">=12"
      },
      "funding": {
        "url": "https://github.com/sponsors/sindresorhus"
      }
    },
    "node_modules/tinyglobby": {
      "version": "0.2.15",
      "resolved": "https://registry.npmjs.org/tinyglobby/-/tinyglobby-0.2.15.tgz",
      "integrity": "sha512-j2Zq4NyQYG5XMST4cbs02Ak8iJUdxRM0XI5QyxXuZOzKOINmWurp3smXu3y5wDcJrptwpSjgXHzIQxR0omXljQ==",
      "dev": true,
      "license": "MIT",
      "dependencies": {
        "fdir": "^6.5.0",
        "picomatch": "^4.0.3"
      },
      "engines": {
        "node": ">=12.0.0"
      },
      "funding": {
        "url": "https://github.com/sponsors/SuperchupuDev"
      }
    },
    "node_modules/tinyglobby/node_modules/fdir": {
      "version": "6.5.0",
      "resolved": "https://registry.npmjs.org/fdir/-/fdir-6.5.0.tgz",
      "integrity": "sha512-tIbYtZbucOs0BRGqPJkshJUYdL+SDH7dVM8gjy+ERp3WAUjLEFJE+02kanyHtwjWOnwrKYBiwAmM0p4kLJAnXg==",
      "dev": true,
      "license": "MIT",
      "engines": {
        "node": ">=12.0.0"
      },
      "peerDependencies": {
        "picomatch": "^3 || ^4"
      },
      "peerDependenciesMeta": {
        "picomatch": {
          "optional": true
        }
      }
    },
    "node_modules/tinyglobby/node_modules/picomatch": {
      "version": "4.0.3",
      "resolved": "https://registry.npmjs.org/picomatch/-/picomatch-4.0.3.tgz",
      "integrity": "sha512-5gTmgEY/sqK6gFXLIsQNH19lWb4ebPDLA4SdLP7dsWkIXHWlG66oPuVvXSGFPppYZz8ZDZq0dYYrbHfBCVUb1Q==",
      "dev": true,
      "license": "MIT",
      "peer": true,
      "engines": {
        "node": ">=12"
      },
      "funding": {
        "url": "https://github.com/sponsors/jonschlinkert"
      }
    }
  }
}
